
Microsoft Visual Studio Solution File, Format Version 12.00
# Visual Studio Version 17
VisualStudioVersion = 17.8.34330.188
MinimumVisualStudioVersion = 10.0.40219.1
Project("{FAE04EC0-301F-11D3-BF4B-00C04F79EFBC}") = "number16adoasp", "number16adoasp\number16adoasp.csproj", "{48113C16-4D02-48B5-AE0E-8EBD44F823FC}"
EndProject
Global
	GlobalSection(SolutionConfigurationPlatforms) = preSolution
		Debug|Any CPU = Debug|Any CPU
		Release|Any CPU = Release|Any CPU
	EndGlobalSection
	GlobalSection(ProjectConfigurationPlatforms) = postSolution
		{48113C16-4D02-48B5-AE0E-8EBD44F823FC}.Debug|Any CPU.ActiveCfg = Debug|Any CPU
		{48113C16-4D02-48B5-AE0E-8EBD44F823FC}.Debug|Any CPU.Build.0 = Debug|Any CPU
		{48113C16-4D02-48B5-AE0E-8EBD44F823FC}.Release|Any CPU.ActiveCfg = Release|Any CPU
		{48113C16-4D02-48B5-AE0E-8EBD44F823FC}.Release|Any CPU.Build.0 = Release|Any CPU
	EndGlobalSection
	GlobalSection(SolutionProperties) = preSolution
		HideSolutionNode = FALSE
	EndGlobalSection
	GlobalSection(ExtensibilityGlobals) = postSolution
		SolutionGuid = {5E1E9DFD-10BE-4E1C-8E0B-69822E813F0E}
	EndGlobalSection
EndGlobal
